
Microsoft Visual Studio Solution File, Format Version 12.00
# Visual Studio Version 16
VisualStudioVersion = 16.6.30114.105
MinimumVisualStudioVersion = 10.0.40219.1
Project("{2150E333-8FDC-42A3-9474-1A3956D46DE8}") = "src", "src", "{F6085300-58A6-4BDC-A0E1-6FA7817334C4}"
EndProject
Project("{FAE04EC0-301F-11D3-BF4B-00C04F79EFBC}") = "Books.Api", "src\Books.Api\Books.Api.csproj", "{B617284E-2CBB-43EA-98A8-FA87634D10C2}"
EndProject
Project("{FAE04EC0-301F-11D3-BF4B-00C04F79EFBC}") = "Books.Core", "src\Books.Core\Books.Core.csproj", "{C0D0E093-73FD-42BA-AECD-99E47434AC10}"
EndProject
Project("{FAE04EC0-301F-11D3-BF4B-00C04F79EFBC}") = "Books.Services", "src\Books.Services\Books.Services.csproj", "{060C872B-4206-46C4-B4AA-3A37B485979D}"
EndProject
Project("{FAE04EC0-301F-11D3-BF4B-00C04F79EFBC}") = "Books.Utilities", "src\Books.Utilities\Books.Utilities.csproj", "{CC21716D-1305-432D-9F90-4D3F517E0B24}"
EndProject
Global
	GlobalSection(SolutionConfigurationPlatforms) = preSolution
		Debug|Any CPU = Debug|Any CPU
		Debug|x64 = Debug|x64
		Debug|x86 = Debug|x86
		Release|Any CPU = Release|Any CPU
		Release|x64 = Release|x64
		Release|x86 = Release|x86
	EndGlobalSection
	GlobalSection(SolutionProperties) = preSolution
		HideSolutionNode = FALSE
	EndGlobalSection
	GlobalSection(ProjectConfigurationPlatforms) = postSolution
		{B617284E-2CBB-43EA-98A8-FA87634D10C2}.Debug|Any CPU.ActiveCfg = Debug|Any CPU
		{B617284E-2CBB-43EA-98A8-FA87634D10C2}.Debug|Any CPU.Build.0 = Debug|Any CPU
		{B617284E-2CBB-43EA-98A8-FA87634D10C2}.Debug|x64.ActiveCfg = Debug|Any CPU
		{B617284E-2CBB-43EA-98A8-FA87634D10C2}.Debug|x64.Build.0 = Debug|Any CPU
		{B617284E-2CBB-43EA-98A8-FA87634D10C2}.Debug|x86.ActiveCfg = Debug|Any CPU
		{B617284E-2CBB-43EA-98A8-FA87634D10C2}.Debug|x86.Build.0 = Debug|Any CPU
		{B617284E-2CBB-43EA-98A8-FA87634D10C2}.Release|Any CPU.ActiveCfg = Release|Any CPU
		{B617284E-2CBB-43EA-98A8-FA87634D10C2}.Release|Any CPU.Build.0 = Release|Any CPU
		{B617284E-2CBB-43EA-98A8-FA87634D10C2}.Release|x64.ActiveCfg = Release|Any CPU
		{B617284E-2CBB-43EA-98A8-FA87634D10C2}.Release|x64.Build.0 = Release|Any CPU
		{B617284E-2CBB-43EA-98A8-FA87634D10C2}.Release|x86.ActiveCfg = Release|Any CPU
		{B617284E-2CBB-43EA-98A8-FA87634D10C2}.Release|x86.Build.0 = Release|Any CPU
		{C0D0E093-73FD-42BA-AECD-99E47434AC10}.Debug|Any CPU.ActiveCfg = Debug|Any CPU
		{C0D0E093-73FD-42BA-AECD-99E47434AC10}.Debug|Any CPU.Build.0 = Debug|Any CPU
		{C0D0E093-73FD-42BA-AECD-99E47434AC10}.Debug|x64.ActiveCfg = Debug|Any CPU
		{C0D0E093-73FD-42BA-AECD-99E47434AC10}.Debug|x64.Build.0 = Debug|Any CPU
		{C0D0E093-73FD-42BA-AECD-99E47434AC10}.Debug|x86.ActiveCfg = Debug|Any CPU
		{C0D0E093-73FD-42BA-AECD-99E47434AC10}.Debug|x86.Build.0 = Debug|Any CPU
		{C0D0E093-73FD-42BA-AECD-99E47434AC10}.Release|Any CPU.ActiveCfg = Release|Any CPU
		{C0D0E093-73FD-42BA-AECD-99E47434AC10}.Release|Any CPU.Build.0 = Release|Any CPU
		{C0D0E093-73FD-42BA-AECD-99E47434AC10}.Release|x64.ActiveCfg = Release|Any CPU
		{C0D0E093-73FD-42BA-AECD-99E47434AC10}.Release|x64.Build.0 = Release|Any CPU
		{C0D0E093-73FD-42BA-AECD-99E47434AC10}.Release|x86.ActiveCfg = Release|Any CPU
		{C0D0E093-73FD-42BA-AECD-99E47434AC10}.Release|x86.Build.0 = Release|Any CPU
		{060C872B-4206-46C4-B4AA-3A37B485979D}.Debug|Any CPU.ActiveCfg = Debug|Any CPU
		{060C872B-4206-46C4-B4AA-3A37B485979D}.Debug|Any CPU.Build.0 = Debug|Any CPU
		{060C872B-4206-46C4-B4AA-3A37B485979D}.Debug|x64.ActiveCfg = Debug|Any CPU
		{060C872B-4206-46C4-B4AA-3A37B485979D}.Debug|x64.Build.0 = Debug|Any CPU
		{060C872B-4206-46C4-B4AA-3A37B485979D}.Debug|x86.ActiveCfg = Debug|Any CPU
		{060C872B-4206-46C4-B4AA-3A37B485979D}.Debug|x86.Build.0 = Debug|Any CPU
		{060C872B-4206-46C4-B4AA-3A37B485979D}.Release|Any CPU.ActiveCfg = Release|Any CPU
		{060C872B-4206-46C4-B4AA-3A37B485979D}.Release|Any CPU.Build.0 = Release|Any CPU
		{060C872B-4206-46C4-B4AA-3A37B485979D}.Release|x64.ActiveCfg = Release|Any CPU
		{060C872B-4206-46C4-B4AA-3A37B485979D}.Release|x64.Build.0 = Release|Any CPU
		{060C872B-4206-46C4-B4AA-3A37B485979D}.Release|x86.ActiveCfg = Release|Any CPU
		{060C872B-4206-46C4-B4AA-3A37B485979D}.Release|x86.Build.0 = Release|Any CPU
		{CC21716D-1305-432D-9F90-4D3F517E0B24}.Debug|Any CPU.ActiveCfg = Debug|Any CPU
		{CC21716D-1305-432D-9F90-4D3F517E0B24}.Debug|Any CPU.Build.0 = Debug|Any CPU
		{CC21716D-1305-432D-9F90-4D3F517E0B24}.Debug|x64.ActiveCfg = Debug|Any CPU
		{CC21716D-1305-432D-9F90-4D3F517E0B24}.Debug|x64.Build.0 = Debug|Any CPU
		{CC21716D-1305-432D-9F90-4D3F517E0B24}.Debug|x86.ActiveCfg = Debug|Any CPU
		{CC21716D-1305-432D-9F90-4D3F517E0B24}.Debug|x86.Build.0 = Debug|Any CPU
		{CC21716D-1305-432D-9F90-4D3F517E0B24}.Release|Any CPU.ActiveCfg = Release|Any CPU
		{CC21716D-1305-432D-9F90-4D3F517E0B24}.Release|Any CPU.Build.0 = Release|Any CPU
		{CC21716D-1305-432D-9F90-4D3F517E0B24}.Release|x64.ActiveCfg = Release|Any CPU
		{CC21716D-1305-432D-9F90-4D3F517E0B24}.Release|x64.Build.0 = Release|Any CPU
		{CC21716D-1305-432D-9F90-4D3F517E0B24}.Release|x86.ActiveCfg = Release|Any CPU
		{CC21716D-1305-432D-9F90-4D3F517E0B24}.Release|x86.Build.0 = Release|Any CPU
	EndGlobalSection
	GlobalSection(NestedProjects) = preSolution
		{B617284E-2CBB-43EA-98A8-FA87634D10C2} = {F6085300-58A6-4BDC-A0E1-6FA7817334C4}
		{C0D0E093-73FD-42BA-AECD-99E47434AC10} = {F6085300-58A6-4BDC-A0E1-6FA7817334C4}
		{060C872B-4206-46C4-B4AA-3A37B485979D} = {F6085300-58A6-4BDC-A0E1-6FA7817334C4}
		{CC21716D-1305-432D-9F90-4D3F517E0B24} = {F6085300-58A6-4BDC-A0E1-6FA7817334C4}
	EndGlobalSection
EndGlobal
